
Microsoft Visual Studio Solution File, Format Version 12.00
# Visual Studio Version 17
VisualStudioVersion = 17.2.32519.379
MinimumVisualStudioVersion = 10.0.40219.1
Project("{FAE04EC0-301F-11D3-BF4B-00C04F79EFBC}") = "pryLunaIE", "pryLunaIE.csproj", "{628B9616-A1A1-4444-AF94-76533AAC4A8B}"
EndProject
Global
	GlobalSection(SolutionConfigurationPlatforms) = preSolution
		Debug|Any CPU = Debug|Any CPU
		Release|Any CPU = Release|Any CPU
	EndGlobalSection
	GlobalSection(ProjectConfigurationPlatforms) = postSolution
		{628B9616-A1A1-4444-AF94-76533AAC4A8B}.Debug|Any CPU.ActiveCfg = Debug|Any CPU
		{628B9616-A1A1-4444-AF94-76533AAC4A8B}.Debug|Any CPU.Build.0 = Debug|Any CPU
		{628B9616-A1A1-4444-AF94-76533AAC4A8B}.Release|Any CPU.ActiveCfg = Release|Any CPU
		{628B9616-A1A1-4444-AF94-76533AAC4A8B}.Release|Any CPU.Build.0 = Release|Any CPU
	EndGlobalSection
	GlobalSection(SolutionProperties) = preSolution
		HideSolutionNode = FALSE
	EndGlobalSection
	GlobalSection(ExtensibilityGlobals) = postSolution
		SolutionGuid = {B93A51CD-72DC-4BAC-B9B4-2921808C2FE9}
	EndGlobalSection
EndGlobal
